{
  "object": {
    "pins": [
      {
        "package": "QuizEngine",
        "repositoryURL": "https://github.com/dh85/QuizEngine",
        "state": {
          "branch": null,
          "revision": "d6e141a28b51d4fa0b135f52746f9b8117e09e46",
          "version": "1.0.2"
        }
      }
    ]
  },
  "version": 1
}
