{
  "object": {
    "pins": [
      {
        "package": "QuizEngine",
        "repositoryURL": "https://github.com/dh85/QuizEngine",
        "state": {
          "branch": null,
          "revision": "aaaba055835b769fb74694d21a1de66e5f151bab",
          "version": "1.0.3"
        }
      }
    ]
  },
  "version": 1
}
