// !$*UTF8*$!
{
	archiveVersion = 1;
	classes = {
	};
	objectVersion = 52;
	objects = {

/* Begin PBXBuildFile section */
		9738DB5826149E2500F2F3B4 /* AppDelegate.swift in Sources */ = {isa = PBXBuildFile; fileRef = 9738DB5726149E2500F2F3B4 /* AppDelegate.swift */; };
		9738DB5A26149E2500F2F3B4 /* SceneDelegate.swift in Sources */ = {isa = PBXBuildFile; fileRef = 9738DB5926149E2500F2F3B4 /* SceneDelegate.swift */; };
		9738DB6126149E2600F2F3B4 /* Assets.xcassets in Resources */ = {isa = PBXBuildFile; fileRef = 9738DB6026149E2600F2F3B4 /* Assets.xcassets */; };
		9738DB6426149E2600F2F3B4 /* LaunchScreen.storyboard in Resources */ = {isa = PBXBuildFile; fileRef = 9738DB6226149E2600F2F3B4 /* LaunchScreen.storyboard */; };
		9738DB7F26149F0400F2F3B4 /* QuestionViewControllerTests.swift in Sources */ = {isa = PBXBuildFile; fileRef = 9738DB7E26149F0400F2F3B4 /* QuestionViewControllerTests.swift */; };
		9738DB8326149F8000F2F3B4 /* QuestionViewController.swift in Sources */ = {isa = PBXBuildFile; fileRef = 9738DB8226149F8000F2F3B4 /* QuestionViewController.swift */; };
		9738DB8726149FFE00F2F3B4 /* QuestionViewController.xib in Resources */ = {isa = PBXBuildFile; fileRef = 9738DB8626149FFE00F2F3B4 /* QuestionViewController.xib */; };
		9738DB8D2614B98D00F2F3B4 /* ResultsViewControllerTests.swift in Sources */ = {isa = PBXBuildFile; fileRef = 9738DB8C2614B98D00F2F3B4 /* ResultsViewControllerTests.swift */; };
		9738DB912614BA0B00F2F3B4 /* ResultsViewController.swift in Sources */ = {isa = PBXBuildFile; fileRef = 9738DB902614BA0B00F2F3B4 /* ResultsViewController.swift */; };
		9738DB952614BA6700F2F3B4 /* ResultsViewController.xib in Resources */ = {isa = PBXBuildFile; fileRef = 9738DB942614BA6700F2F3B4 /* ResultsViewController.xib */; };
		9738DB992614BFB100F2F3B4 /* TableViewHelpers.swift in Sources */ = {isa = PBXBuildFile; fileRef = 9738DB982614BFB100F2F3B4 /* TableViewHelpers.swift */; };
		9738DB9D2614C2D300F2F3B4 /* CorrectAnswerCell.xib in Resources */ = {isa = PBXBuildFile; fileRef = 9738DB9C2614C2D300F2F3B4 /* CorrectAnswerCell.xib */; };
		9738DBA12614C6A100F2F3B4 /* WrongAnswerCell.xib in Resources */ = {isa = PBXBuildFile; fileRef = 9738DBA02614C6A100F2F3B4 /* WrongAnswerCell.xib */; };
		9738DBA52614CB2300F2F3B4 /* UITableViewExtensions.swift in Sources */ = {isa = PBXBuildFile; fileRef = 9738DBA42614CB2300F2F3B4 /* UITableViewExtensions.swift */; };
		9738DBA92614CB4C00F2F3B4 /* PresentableAnswer.swift in Sources */ = {isa = PBXBuildFile; fileRef = 9738DBA82614CB4C00F2F3B4 /* PresentableAnswer.swift */; };
		9738DBAD2614CB7E00F2F3B4 /* CorrectAnswerCell.swift in Sources */ = {isa = PBXBuildFile; fileRef = 9738DBAC2614CB7E00F2F3B4 /* CorrectAnswerCell.swift */; };
		9738DBB12614CB9D00F2F3B4 /* WrongAnswerCell.swift in Sources */ = {isa = PBXBuildFile; fileRef = 9738DBB02614CB9D00F2F3B4 /* WrongAnswerCell.swift */; };
		9738DBCC2615F33B00F2F3B4 /* QuizEngine in Frameworks */ = {isa = PBXBuildFile; productRef = 9738DBCB2615F33B00F2F3B4 /* QuizEngine */; };
		9738DBD02615F56900F2F3B4 /* NavigationControllerRouterTests.swift in Sources */ = {isa = PBXBuildFile; fileRef = 9738DBCF2615F56900F2F3B4 /* NavigationControllerRouterTests.swift */; };
		9738DBD42615F60A00F2F3B4 /* NavigationControllerRouter.swift in Sources */ = {isa = PBXBuildFile; fileRef = 9738DBD32615F60A00F2F3B4 /* NavigationControllerRouter.swift */; };
		9738DBE0261611C100F2F3B4 /* ViewControllerFactory.swift in Sources */ = {isa = PBXBuildFile; fileRef = 9738DBDF261611C100F2F3B4 /* ViewControllerFactory.swift */; };
		9738DBE42616121100F2F3B4 /* iOSViewControllerFactoryTests.swift in Sources */ = {isa = PBXBuildFile; fileRef = 9738DBE32616121100F2F3B4 /* iOSViewControllerFactoryTests.swift */; };
		9738DBE8261612C500F2F3B4 /* iOSViewControllerFactory.swift in Sources */ = {isa = PBXBuildFile; fileRef = 9738DBE7261612C500F2F3B4 /* iOSViewControllerFactory.swift */; };
		9738DBEC2616217200F2F3B4 /* ResultsPresenterTests.swift in Sources */ = {isa = PBXBuildFile; fileRef = 9738DBEB2616217200F2F3B4 /* ResultsPresenterTests.swift */; };
		9738DBF0261621F000F2F3B4 /* ResultHelper.swift in Sources */ = {isa = PBXBuildFile; fileRef = 9738DBEF261621F000F2F3B4 /* ResultHelper.swift */; };
		9738DBF42616238300F2F3B4 /* ResultsPresenter.swift in Sources */ = {isa = PBXBuildFile; fileRef = 9738DBF32616238300F2F3B4 /* ResultsPresenter.swift */; };
		9738DBF826175D8300F2F3B4 /* QuestionPresenterTests.swift in Sources */ = {isa = PBXBuildFile; fileRef = 9738DBF726175D8300F2F3B4 /* QuestionPresenterTests.swift */; };
		9738DBFC26175E0100F2F3B4 /* QuestionPresenter.swift in Sources */ = {isa = PBXBuildFile; fileRef = 9738DBFB26175E0100F2F3B4 /* QuestionPresenter.swift */; };
/* End PBXBuildFile section */

/* Begin PBXContainerItemProxy section */
		9738DB7726149ED600F2F3B4 /* PBXContainerItemProxy */ = {
			isa = PBXContainerItemProxy;
			containerPortal = 9738DB4C26149E2500F2F3B4 /* Project object */;
			proxyType = 1;
			remoteGlobalIDString = 9738DB5326149E2500F2F3B4;
			remoteInfo = QuizApp;
		};
/* End PBXContainerItemProxy section */

/* Begin PBXFileReference section */
		9738DB5426149E2500F2F3B4 /* QuizApp.app */ = {isa = PBXFileReference; explicitFileType = wrapper.application; includeInIndex = 0; path = QuizApp.app; sourceTree = BUILT_PRODUCTS_DIR; };
		9738DB5726149E2500F2F3B4 /* AppDelegate.swift */ = {isa = PBXFileReference; lastKnownFileType = sourcecode.swift; path = AppDelegate.swift; sourceTree = "<group>"; };
		9738DB5926149E2500F2F3B4 /* SceneDelegate.swift */ = {isa = PBXFileReference; lastKnownFileType = sourcecode.swift; path = SceneDelegate.swift; sourceTree = "<group>"; };
		9738DB6026149E2600F2F3B4 /* Assets.xcassets */ = {isa = PBXFileReference; lastKnownFileType = folder.assetcatalog; path = Assets.xcassets; sourceTree = "<group>"; };
		9738DB6326149E2600F2F3B4 /* Base */ = {isa = PBXFileReference; lastKnownFileType = file.storyboard; name = Base; path = Base.lproj/LaunchScreen.storyboard; sourceTree = "<group>"; };
		9738DB6526149E2600F2F3B4 /* Info.plist */ = {isa = PBXFileReference; lastKnownFileType = text.plist.xml; path = Info.plist; sourceTree = "<group>"; };
		9738DB7226149ED600F2F3B4 /* QuizAppTests.xctest */ = {isa = PBXFileReference; explicitFileType = wrapper.cfbundle; includeInIndex = 0; path = QuizAppTests.xctest; sourceTree = BUILT_PRODUCTS_DIR; };
		9738DB7626149ED600F2F3B4 /* Info.plist */ = {isa = PBXFileReference; lastKnownFileType = text.plist.xml; path = Info.plist; sourceTree = "<group>"; };
		9738DB7E26149F0400F2F3B4 /* QuestionViewControllerTests.swift */ = {isa = PBXFileReference; lastKnownFileType = sourcecode.swift; path = QuestionViewControllerTests.swift; sourceTree = "<group>"; };
		9738DB8226149F8000F2F3B4 /* QuestionViewController.swift */ = {isa = PBXFileReference; lastKnownFileType = sourcecode.swift; path = QuestionViewController.swift; sourceTree = "<group>"; };
		9738DB8626149FFE00F2F3B4 /* QuestionViewController.xib */ = {isa = PBXFileReference; lastKnownFileType = file.xib; path = QuestionViewController.xib; sourceTree = "<group>"; };
		9738DB8C2614B98D00F2F3B4 /* ResultsViewControllerTests.swift */ = {isa = PBXFileReference; lastKnownFileType = sourcecode.swift; path = ResultsViewControllerTests.swift; sourceTree = "<group>"; };
		9738DB902614BA0B00F2F3B4 /* ResultsViewController.swift */ = {isa = PBXFileReference; lastKnownFileType = sourcecode.swift; path = ResultsViewController.swift; sourceTree = "<group>"; };
		9738DB942614BA6700F2F3B4 /* ResultsViewController.xib */ = {isa = PBXFileReference; lastKnownFileType = file.xib; path = ResultsViewController.xib; sourceTree = "<group>"; };
		9738DB982614BFB100F2F3B4 /* TableViewHelpers.swift */ = {isa = PBXFileReference; lastKnownFileType = sourcecode.swift; path = TableViewHelpers.swift; sourceTree = "<group>"; };
		9738DB9C2614C2D300F2F3B4 /* CorrectAnswerCell.xib */ = {isa = PBXFileReference; lastKnownFileType = file.xib; path = CorrectAnswerCell.xib; sourceTree = "<group>"; };
		9738DBA02614C6A100F2F3B4 /* WrongAnswerCell.xib */ = {isa = PBXFileReference; lastKnownFileType = file.xib; path = WrongAnswerCell.xib; sourceTree = "<group>"; };
		9738DBA42614CB2300F2F3B4 /* UITableViewExtensions.swift */ = {isa = PBXFileReference; lastKnownFileType = sourcecode.swift; path = UITableViewExtensions.swift; sourceTree = "<group>"; };
		9738DBA82614CB4C00F2F3B4 /* PresentableAnswer.swift */ = {isa = PBXFileReference; lastKnownFileType = sourcecode.swift; path = PresentableAnswer.swift; sourceTree = "<group>"; };
		9738DBAC2614CB7E00F2F3B4 /* CorrectAnswerCell.swift */ = {isa = PBXFileReference; lastKnownFileType = sourcecode.swift; path = CorrectAnswerCell.swift; sourceTree = "<group>"; };
		9738DBB02614CB9D00F2F3B4 /* WrongAnswerCell.swift */ = {isa = PBXFileReference; lastKnownFileType = sourcecode.swift; path = WrongAnswerCell.swift; sourceTree = "<group>"; };
		9738DBCF2615F56900F2F3B4 /* NavigationControllerRouterTests.swift */ = {isa = PBXFileReference; lastKnownFileType = sourcecode.swift; path = NavigationControllerRouterTests.swift; sourceTree = "<group>"; };
		9738DBD32615F60A00F2F3B4 /* NavigationControllerRouter.swift */ = {isa = PBXFileReference; lastKnownFileType = sourcecode.swift; path = NavigationControllerRouter.swift; sourceTree = "<group>"; };
		9738DBDF261611C100F2F3B4 /* ViewControllerFactory.swift */ = {isa = PBXFileReference; lastKnownFileType = sourcecode.swift; path = ViewControllerFactory.swift; sourceTree = "<group>"; };
		9738DBE32616121100F2F3B4 /* iOSViewControllerFactoryTests.swift */ = {isa = PBXFileReference; lastKnownFileType = sourcecode.swift; path = iOSViewControllerFactoryTests.swift; sourceTree = "<group>"; };
		9738DBE7261612C500F2F3B4 /* iOSViewControllerFactory.swift */ = {isa = PBXFileReference; lastKnownFileType = sourcecode.swift; path = iOSViewControllerFactory.swift; sourceTree = "<group>"; };
		9738DBEB2616217200F2F3B4 /* ResultsPresenterTests.swift */ = {isa = PBXFileReference; lastKnownFileType = sourcecode.swift; path = ResultsPresenterTests.swift; sourceTree = "<group>"; };
		9738DBEF261621F000F2F3B4 /* ResultHelper.swift */ = {isa = PBXFileReference; lastKnownFileType = sourcecode.swift; path = ResultHelper.swift; sourceTree = "<group>"; };
		9738DBF32616238300F2F3B4 /* ResultsPresenter.swift */ = {isa = PBXFileReference; lastKnownFileType = sourcecode.swift; path = ResultsPresenter.swift; sourceTree = "<group>"; };
		9738DBF726175D8300F2F3B4 /* QuestionPresenterTests.swift */ = {isa = PBXFileReference; lastKnownFileType = sourcecode.swift; path = QuestionPresenterTests.swift; sourceTree = "<group>"; };
		9738DBFB26175E0100F2F3B4 /* QuestionPresenter.swift */ = {isa = PBXFileReference; lastKnownFileType = sourcecode.swift; path = QuestionPresenter.swift; sourceTree = "<group>"; };
/* End PBXFileReference section */

/* Begin PBXFrameworksBuildPhase section */
		9738DB5126149E2500F2F3B4 /* Frameworks */ = {
			isa = PBXFrameworksBuildPhase;
			buildActionMask = 2147483647;
			files = (
				9738DBCC2615F33B00F2F3B4 /* QuizEngine in Frameworks */,
			);
			runOnlyForDeploymentPostprocessing = 0;
		};
		9738DB6F26149ED600F2F3B4 /* Frameworks */ = {
			isa = PBXFrameworksBuildPhase;
			buildActionMask = 2147483647;
			files = (
			);
			runOnlyForDeploymentPostprocessing = 0;
		};
/* End PBXFrameworksBuildPhase section */

/* Begin PBXGroup section */
		9738DB4B26149E2500F2F3B4 = {
			isa = PBXGroup;
			children = (
				9738DB5626149E2500F2F3B4 /* QuizApp */,
				9738DB7326149ED600F2F3B4 /* QuizAppTests */,
				9738DB5526149E2500F2F3B4 /* Products */,
			);
			sourceTree = "<group>";
		};
		9738DB5526149E2500F2F3B4 /* Products */ = {
			isa = PBXGroup;
			children = (
				9738DB5426149E2500F2F3B4 /* QuizApp.app */,
				9738DB7226149ED600F2F3B4 /* QuizAppTests.xctest */,
			);
			name = Products;
			sourceTree = "<group>";
		};
		9738DB5626149E2500F2F3B4 /* QuizApp */ = {
			isa = PBXGroup;
			children = (
				9738DB5726149E2500F2F3B4 /* AppDelegate.swift */,
				9738DB5926149E2500F2F3B4 /* SceneDelegate.swift */,
				9738DB6026149E2600F2F3B4 /* Assets.xcassets */,
				9738DB6226149E2600F2F3B4 /* LaunchScreen.storyboard */,
				9738DB6526149E2600F2F3B4 /* Info.plist */,
				9738DB8226149F8000F2F3B4 /* QuestionViewController.swift */,
				9738DB8626149FFE00F2F3B4 /* QuestionViewController.xib */,
				9738DB902614BA0B00F2F3B4 /* ResultsViewController.swift */,
				9738DB942614BA6700F2F3B4 /* ResultsViewController.xib */,
				9738DBAC2614CB7E00F2F3B4 /* CorrectAnswerCell.swift */,
				9738DB9C2614C2D300F2F3B4 /* CorrectAnswerCell.xib */,
				9738DBB02614CB9D00F2F3B4 /* WrongAnswerCell.swift */,
				9738DBA02614C6A100F2F3B4 /* WrongAnswerCell.xib */,
				9738DBA42614CB2300F2F3B4 /* UITableViewExtensions.swift */,
				9738DBE7261612C500F2F3B4 /* iOSViewControllerFactory.swift */,
				9738DBFB26175E0100F2F3B4 /* QuestionPresenter.swift */,
				9738DBA82614CB4C00F2F3B4 /* PresentableAnswer.swift */,
				9738DBF32616238300F2F3B4 /* ResultsPresenter.swift */,
				9738DBD32615F60A00F2F3B4 /* NavigationControllerRouter.swift */,
				9738DBDF261611C100F2F3B4 /* ViewControllerFactory.swift */,
			);
			path = QuizApp;
			sourceTree = "<group>";
		};
		9738DB7326149ED600F2F3B4 /* QuizAppTests */ = {
			isa = PBXGroup;
			children = (
				9738DB7626149ED600F2F3B4 /* Info.plist */,
				9738DB8C2614B98D00F2F3B4 /* ResultsViewControllerTests.swift */,
				9738DB7E26149F0400F2F3B4 /* QuestionViewControllerTests.swift */,
				9738DB982614BFB100F2F3B4 /* TableViewHelpers.swift */,
				9738DBCF2615F56900F2F3B4 /* NavigationControllerRouterTests.swift */,
				9738DBE32616121100F2F3B4 /* iOSViewControllerFactoryTests.swift */,
				9738DBEB2616217200F2F3B4 /* ResultsPresenterTests.swift */,
				9738DBEF261621F000F2F3B4 /* ResultHelper.swift */,
				9738DBF726175D8300F2F3B4 /* QuestionPresenterTests.swift */,
			);
			path = QuizAppTests;
			sourceTree = "<group>";
		};
/* End PBXGroup section */

/* Begin PBXNativeTarget section */
		9738DB5326149E2500F2F3B4 /* QuizApp */ = {
			isa = PBXNativeTarget;
			buildConfigurationList = 9738DB6826149E2600F2F3B4 /* Build configuration list for PBXNativeTarget "QuizApp" */;
			buildPhases = (
				9738DB5026149E2500F2F3B4 /* Sources */,
				9738DB5126149E2500F2F3B4 /* Frameworks */,
				9738DB5226149E2500F2F3B4 /* Resources */,
			);
			buildRules = (
			);
			dependencies = (
			);
			name = QuizApp;
			packageProductDependencies = (
				9738DBCB2615F33B00F2F3B4 /* QuizEngine */,
			);
			productName = QuizApp;
			productReference = 9738DB5426149E2500F2F3B4 /* QuizApp.app */;
			productType = "com.apple.product-type.application";
		};
		9738DB7126149ED600F2F3B4 /* QuizAppTests */ = {
			isa = PBXNativeTarget;
			buildConfigurationList = 9738DB7926149ED600F2F3B4 /* Build configuration list for PBXNativeTarget "QuizAppTests" */;
			buildPhases = (
				9738DB6E26149ED600F2F3B4 /* Sources */,
				9738DB6F26149ED600F2F3B4 /* Frameworks */,
				9738DB7026149ED600F2F3B4 /* Resources */,
			);
			buildRules = (
			);
			dependencies = (
				9738DB7826149ED600F2F3B4 /* PBXTargetDependency */,
			);
			name = QuizAppTests;
			productName = QuizAppTests;
			productReference = 9738DB7226149ED600F2F3B4 /* QuizAppTests.xctest */;
			productType = "com.apple.product-type.bundle.unit-test";
		};
/* End PBXNativeTarget section */

/* Begin PBXProject section */
		9738DB4C26149E2500F2F3B4 /* Project object */ = {
			isa = PBXProject;
			attributes = {
				LastSwiftUpdateCheck = 1240;
				LastUpgradeCheck = 1240;
				TargetAttributes = {
					9738DB5326149E2500F2F3B4 = {
						CreatedOnToolsVersion = 12.4;
					};
					9738DB7126149ED600F2F3B4 = {
						CreatedOnToolsVersion = 12.4;
						TestTargetID = 9738DB5326149E2500F2F3B4;
					};
				};
			};
			buildConfigurationList = 9738DB4F26149E2500F2F3B4 /* Build configuration list for PBXProject "QuizApp" */;
			compatibilityVersion = "Xcode 9.3";
			developmentRegion = en;
			hasScannedForEncodings = 0;
			knownRegions = (
				en,
				Base,
			);
			mainGroup = 9738DB4B26149E2500F2F3B4;
			packageReferences = (
				9738DBCA2615F33B00F2F3B4 /* XCRemoteSwiftPackageReference "QuizEngine" */,
			);
			productRefGroup = 9738DB5526149E2500F2F3B4 /* Products */;
			projectDirPath = "";
			projectRoot = "";
			targets = (
				9738DB5326149E2500F2F3B4 /* QuizApp */,
				9738DB7126149ED600F2F3B4 /* QuizAppTests */,
			);
		};
/* End PBXProject section */

/* Begin PBXResourcesBuildPhase section */
		9738DB5226149E2500F2F3B4 /* Resources */ = {
			isa = PBXResourcesBuildPhase;
			buildActionMask = 2147483647;
			files = (
				9738DB6426149E2600F2F3B4 /* LaunchScreen.storyboard in Resources */,
				9738DBA12614C6A100F2F3B4 /* WrongAnswerCell.xib in Resources */,
				9738DB6126149E2600F2F3B4 /* Assets.xcassets in Resources */,
				9738DB8726149FFE00F2F3B4 /* QuestionViewController.xib in Resources */,
				9738DB9D2614C2D300F2F3B4 /* CorrectAnswerCell.xib in Resources */,
				9738DB952614BA6700F2F3B4 /* ResultsViewController.xib in Resources */,
			);
			runOnlyForDeploymentPostprocessing = 0;
		};
		9738DB7026149ED600F2F3B4 /* Resources */ = {
			isa = PBXResourcesBuildPhase;
			buildActionMask = 2147483647;
			files = (
			);
			runOnlyForDeploymentPostprocessing = 0;
		};
/* End PBXResourcesBuildPhase section */

/* Begin PBXSourcesBuildPhase section */
		9738DB5026149E2500F2F3B4 /* Sources */ = {
			isa = PBXSourcesBuildPhase;
			buildActionMask = 2147483647;
			files = (
				9738DBA52614CB2300F2F3B4 /* UITableViewExtensions.swift in Sources */,
				9738DB5826149E2500F2F3B4 /* AppDelegate.swift in Sources */,
				9738DBF42616238300F2F3B4 /* ResultsPresenter.swift in Sources */,
				9738DBAD2614CB7E00F2F3B4 /* CorrectAnswerCell.swift in Sources */,
				9738DB5A26149E2500F2F3B4 /* SceneDelegate.swift in Sources */,
				9738DBA92614CB4C00F2F3B4 /* PresentableAnswer.swift in Sources */,
				9738DBB12614CB9D00F2F3B4 /* WrongAnswerCell.swift in Sources */,
				9738DBFC26175E0100F2F3B4 /* QuestionPresenter.swift in Sources */,
				9738DBE8261612C500F2F3B4 /* iOSViewControllerFactory.swift in Sources */,
				9738DBD42615F60A00F2F3B4 /* NavigationControllerRouter.swift in Sources */,
				9738DB8326149F8000F2F3B4 /* QuestionViewController.swift in Sources */,
				9738DB912614BA0B00F2F3B4 /* ResultsViewController.swift in Sources */,
				9738DBE0261611C100F2F3B4 /* ViewControllerFactory.swift in Sources */,
			);
			runOnlyForDeploymentPostprocessing = 0;
		};
		9738DB6E26149ED600F2F3B4 /* Sources */ = {
			isa = PBXSourcesBuildPhase;
			buildActionMask = 2147483647;
			files = (
				9738DBD02615F56900F2F3B4 /* NavigationControllerRouterTests.swift in Sources */,
				9738DB8D2614B98D00F2F3B4 /* ResultsViewControllerTests.swift in Sources */,
				9738DBE42616121100F2F3B4 /* iOSViewControllerFactoryTests.swift in Sources */,
				9738DBF826175D8300F2F3B4 /* QuestionPresenterTests.swift in Sources */,
				9738DBF0261621F000F2F3B4 /* ResultHelper.swift in Sources */,
				9738DB992614BFB100F2F3B4 /* TableViewHelpers.swift in Sources */,
				9738DBEC2616217200F2F3B4 /* ResultsPresenterTests.swift in Sources */,
				9738DB7F26149F0400F2F3B4 /* QuestionViewControllerTests.swift in Sources */,
			);
			runOnlyForDeploymentPostprocessing = 0;
		};
/* End PBXSourcesBuildPhase section */

/* Begin PBXTargetDependency section */
		9738DB7826149ED600F2F3B4 /* PBXTargetDependency */ = {
			isa = PBXTargetDependency;
			target = 9738DB5326149E2500F2F3B4 /* QuizApp */;
			targetProxy = 9738DB7726149ED600F2F3B4 /* PBXContainerItemProxy */;
		};
/* End PBXTargetDependency section */

/* Begin PBXVariantGroup section */
		9738DB6226149E2600F2F3B4 /* LaunchScreen.storyboard */ = {
			isa = PBXVariantGroup;
			children = (
				9738DB6326149E2600F2F3B4 /* Base */,
			);
			name = LaunchScreen.storyboard;
			sourceTree = "<group>";
		};
/* End PBXVariantGroup section */

/* Begin XCBuildConfiguration section */
		9738DB6626149E2600F2F3B4 /* Debug */ = {
			isa = XCBuildConfiguration;
			buildSettings = {
				ALWAYS_SEARCH_USER_PATHS = NO;
				CLANG_ANALYZER_NONNULL = YES;
				CLANG_ANALYZER_NUMBER_OBJECT_CONVERSION = YES_AGGRESSIVE;
				CLANG_CXX_LANGUAGE_STANDARD = "gnu++14";
				CLANG_CXX_LIBRARY = "libc++";
				CLANG_ENABLE_MODULES = YES;
				CLANG_ENABLE_OBJC_ARC = YES;
				CLANG_ENABLE_OBJC_WEAK = YES;
				CLANG_WARN_BLOCK_CAPTURE_AUTORELEASING = YES;
				CLANG_WARN_BOOL_CONVERSION = YES;
				CLANG_WARN_COMMA = YES;
				CLANG_WARN_CONSTANT_CONVERSION = YES;
				CLANG_WARN_DEPRECATED_OBJC_IMPLEMENTATIONS = YES;
				CLANG_WARN_DIRECT_OBJC_ISA_USAGE = YES_ERROR;
				CLANG_WARN_DOCUMENTATION_COMMENTS = YES;
				CLANG_WARN_EMPTY_BODY = YES;
				CLANG_WARN_ENUM_CONVERSION = YES;
				CLANG_WARN_INFINITE_RECURSION = YES;
				CLANG_WARN_INT_CONVERSION = YES;
				CLANG_WARN_NON_LITERAL_NULL_CONVERSION = YES;
				CLANG_WARN_OBJC_IMPLICIT_RETAIN_SELF = YES;
				CLANG_WARN_OBJC_LITERAL_CONVERSION = YES;
				CLANG_WARN_OBJC_ROOT_CLASS = YES_ERROR;
				CLANG_WARN_QUOTED_INCLUDE_IN_FRAMEWORK_HEADER = YES;
				CLANG_WARN_RANGE_LOOP_ANALYSIS = YES;
				CLANG_WARN_STRICT_PROTOTYPES = YES;
				CLANG_WARN_SUSPICIOUS_MOVE = YES;
				CLANG_WARN_UNGUARDED_AVAILABILITY = YES_AGGRESSIVE;
				CLANG_WARN_UNREACHABLE_CODE = YES;
				CLANG_WARN__DUPLICATE_METHOD_MATCH = YES;
				COPY_PHASE_STRIP = NO;
				DEBUG_INFORMATION_FORMAT = dwarf;
				ENABLE_STRICT_OBJC_MSGSEND = YES;
				ENABLE_TESTABILITY = YES;
				GCC_C_LANGUAGE_STANDARD = gnu11;
				GCC_DYNAMIC_NO_PIC = NO;
				GCC_NO_COMMON_BLOCKS = YES;
				GCC_OPTIMIZATION_LEVEL = 0;
				GCC_PREPROCESSOR_DEFINITIONS = (
					"DEBUG=1",
					"$(inherited)",
				);
				GCC_WARN_64_TO_32_BIT_CONVERSION = YES;
				GCC_WARN_ABOUT_RETURN_TYPE = YES_ERROR;
				GCC_WARN_UNDECLARED_SELECTOR = YES;
				GCC_WARN_UNINITIALIZED_AUTOS = YES_AGGRESSIVE;
				GCC_WARN_UNUSED_FUNCTION = YES;
				GCC_WARN_UNUSED_VARIABLE = YES;
				IPHONEOS_DEPLOYMENT_TARGET = 14.4;
				MTL_ENABLE_DEBUG_INFO = INCLUDE_SOURCE;
				MTL_FAST_MATH = YES;
				ONLY_ACTIVE_ARCH = YES;
				SDKROOT = iphoneos;
				SWIFT_ACTIVE_COMPILATION_CONDITIONS = DEBUG;
				SWIFT_OPTIMIZATION_LEVEL = "-Onone";
			};
			name = Debug;
		};
		9738DB6726149E2600F2F3B4 /* Release */ = {
			isa = XCBuildConfiguration;
			buildSettings = {
				ALWAYS_SEARCH_USER_PATHS = NO;
				CLANG_ANALYZER_NONNULL = YES;
				CLANG_ANALYZER_NUMBER_OBJECT_CONVERSION = YES_AGGRESSIVE;
				CLANG_CXX_LANGUAGE_STANDARD = "gnu++14";
				CLANG_CXX_LIBRARY = "libc++";
				CLANG_ENABLE_MODULES = YES;
				CLANG_ENABLE_OBJC_ARC = YES;
				CLANG_ENABLE_OBJC_WEAK = YES;
				CLANG_WARN_BLOCK_CAPTURE_AUTORELEASING = YES;
				CLANG_WARN_BOOL_CONVERSION = YES;
				CLANG_WARN_COMMA = YES;
				CLANG_WARN_CONSTANT_CONVERSION = YES;
				CLANG_WARN_DEPRECATED_OBJC_IMPLEMENTATIONS = YES;
				CLANG_WARN_DIRECT_OBJC_ISA_USAGE = YES_ERROR;
				CLANG_WARN_DOCUMENTATION_COMMENTS = YES;
				CLANG_WARN_EMPTY_BODY = YES;
				CLANG_WARN_ENUM_CONVERSION = YES;
				CLANG_WARN_INFINITE_RECURSION = YES;
				CLANG_WARN_INT_CONVERSION = YES;
				CLANG_WARN_NON_LITERAL_NULL_CONVERSION = YES;
				CLANG_WARN_OBJC_IMPLICIT_RETAIN_SELF = YES;
				CLANG_WARN_OBJC_LITERAL_CONVERSION = YES;
				CLANG_WARN_OBJC_ROOT_CLASS = YES_ERROR;
				CLANG_WARN_QUOTED_INCLUDE_IN_FRAMEWORK_HEADER = YES;
				CLANG_WARN_RANGE_LOOP_ANALYSIS = YES;
				CLANG_WARN_STRICT_PROTOTYPES = YES;
				CLANG_WARN_SUSPICIOUS_MOVE = YES;
				CLANG_WARN_UNGUARDED_AVAILABILITY = YES_AGGRESSIVE;
				CLANG_WARN_UNREACHABLE_CODE = YES;
				CLANG_WARN__DUPLICATE_METHOD_MATCH = YES;
				COPY_PHASE_STRIP = NO;
				DEBUG_INFORMATION_FORMAT = "dwarf-with-dsym";
				ENABLE_NS_ASSERTIONS = NO;
				ENABLE_STRICT_OBJC_MSGSEND = YES;
				GCC_C_LANGUAGE_STANDARD = gnu11;
				GCC_NO_COMMON_BLOCKS = YES;
				GCC_WARN_64_TO_32_BIT_CONVERSION = YES;
				GCC_WARN_ABOUT_RETURN_TYPE = YES_ERROR;
				GCC_WARN_UNDECLARED_SELECTOR = YES;
				GCC_WARN_UNINITIALIZED_AUTOS = YES_AGGRESSIVE;
				GCC_WARN_UNUSED_FUNCTION = YES;
				GCC_WARN_UNUSED_VARIABLE = YES;
				IPHONEOS_DEPLOYMENT_TARGET = 14.4;
				MTL_ENABLE_DEBUG_INFO = NO;
				MTL_FAST_MATH = YES;
				SDKROOT = iphoneos;
				SWIFT_COMPILATION_MODE = wholemodule;
				SWIFT_OPTIMIZATION_LEVEL = "-O";
				VALIDATE_PRODUCT = YES;
			};
			name = Release;
		};
		9738DB6926149E2600F2F3B4 /* Debug */ = {
			isa = XCBuildConfiguration;
			buildSettings = {
				ASSETCATALOG_COMPILER_APPICON_NAME = AppIcon;
				ASSETCATALOG_COMPILER_GLOBAL_ACCENT_COLOR_NAME = AccentColor;
				CODE_SIGN_STYLE = Automatic;
				DEVELOPMENT_TEAM = 548X9JAQV4;
				INFOPLIST_FILE = QuizApp/Info.plist;
				LD_RUNPATH_SEARCH_PATHS = (
					"$(inherited)",
					"@executable_path/Frameworks",
				);
				PRODUCT_BUNDLE_IDENTIFIER = com.davidhughes.QuizApp;
				PRODUCT_NAME = "$(TARGET_NAME)";
				SWIFT_VERSION = 5.0;
				TARGETED_DEVICE_FAMILY = "1,2";
			};
			name = Debug;
		};
		9738DB6A26149E2600F2F3B4 /* Release */ = {
			isa = XCBuildConfiguration;
			buildSettings = {
				ASSETCATALOG_COMPILER_APPICON_NAME = AppIcon;
				ASSETCATALOG_COMPILER_GLOBAL_ACCENT_COLOR_NAME = AccentColor;
				CODE_SIGN_STYLE = Automatic;
				DEVELOPMENT_TEAM = 548X9JAQV4;
				INFOPLIST_FILE = QuizApp/Info.plist;
				LD_RUNPATH_SEARCH_PATHS = (
					"$(inherited)",
					"@executable_path/Frameworks",
				);
				PRODUCT_BUNDLE_IDENTIFIER = com.davidhughes.QuizApp;
				PRODUCT_NAME = "$(TARGET_NAME)";
				SWIFT_VERSION = 5.0;
				TARGETED_DEVICE_FAMILY = "1,2";
			};
			name = Release;
		};
		9738DB7A26149ED600F2F3B4 /* Debug */ = {
			isa = XCBuildConfiguration;
			buildSettings = {
				BUNDLE_LOADER = "$(TEST_HOST)";
				CODE_SIGN_STYLE = Automatic;
				DEVELOPMENT_TEAM = 548X9JAQV4;
				INFOPLIST_FILE = QuizAppTests/Info.plist;
				LD_RUNPATH_SEARCH_PATHS = (
					"$(inherited)",
					"@executable_path/Frameworks",
					"@loader_path/Frameworks",
				);
				PRODUCT_BUNDLE_IDENTIFIER = com.davidhughes.QuizAppTests;
				PRODUCT_NAME = "$(TARGET_NAME)";
				SWIFT_VERSION = 5.0;
				TARGETED_DEVICE_FAMILY = "1,2";
				TEST_HOST = "$(BUILT_PRODUCTS_DIR)/QuizApp.app/QuizApp";
			};
			name = Debug;
		};
		9738DB7B26149ED600F2F3B4 /* Release */ = {
			isa = XCBuildConfiguration;
			buildSettings = {
				BUNDLE_LOADER = "$(TEST_HOST)";
				CODE_SIGN_STYLE = Automatic;
				DEVELOPMENT_TEAM = 548X9JAQV4;
				INFOPLIST_FILE = QuizAppTests/Info.plist;
				LD_RUNPATH_SEARCH_PATHS = (
					"$(inherited)",
					"@executable_path/Frameworks",
					"@loader_path/Frameworks",
				);
				PRODUCT_BUNDLE_IDENTIFIER = com.davidhughes.QuizAppTests;
				PRODUCT_NAME = "$(TARGET_NAME)";
				SWIFT_VERSION = 5.0;
				TARGETED_DEVICE_FAMILY = "1,2";
				TEST_HOST = "$(BUILT_PRODUCTS_DIR)/QuizApp.app/QuizApp";
			};
			name = Release;
		};
/* End XCBuildConfiguration section */

/* Begin XCConfigurationList section */
		9738DB4F26149E2500F2F3B4 /* Build configuration list for PBXProject "QuizApp" */ = {
			isa = XCConfigurationList;
			buildConfigurations = (
				9738DB6626149E2600F2F3B4 /* Debug */,
				9738DB6726149E2600F2F3B4 /* Release */,
			);
			defaultConfigurationIsVisible = 0;
			defaultConfigurationName = Release;
		};
		9738DB6826149E2600F2F3B4 /* Build configuration list for PBXNativeTarget "QuizApp" */ = {
			isa = XCConfigurationList;
			buildConfigurations = (
				9738DB6926149E2600F2F3B4 /* Debug */,
				9738DB6A26149E2600F2F3B4 /* Release */,
			);
			defaultConfigurationIsVisible = 0;
			defaultConfigurationName = Release;
		};
		9738DB7926149ED600F2F3B4 /* Build configuration list for PBXNativeTarget "QuizAppTests" */ = {
			isa = XCConfigurationList;
			buildConfigurations = (
				9738DB7A26149ED600F2F3B4 /* Debug */,
				9738DB7B26149ED600F2F3B4 /* Release */,
			);
			defaultConfigurationIsVisible = 0;
			defaultConfigurationName = Release;
		};
/* End XCConfigurationList section */

/* Begin XCRemoteSwiftPackageReference section */
		9738DBCA2615F33B00F2F3B4 /* XCRemoteSwiftPackageReference "QuizEngine" */ = {
			isa = XCRemoteSwiftPackageReference;
			repositoryURL = "https://github.com/dh85/QuizEngine";
			requirement = {
				kind = upToNextMajorVersion;
				minimumVersion = 0.1.0;
			};
		};
/* End XCRemoteSwiftPackageReference section */

/* Begin XCSwiftPackageProductDependency section */
		9738DBCB2615F33B00F2F3B4 /* QuizEngine */ = {
			isa = XCSwiftPackageProductDependency;
			package = 9738DBCA2615F33B00F2F3B4 /* XCRemoteSwiftPackageReference "QuizEngine" */;
			productName = QuizEngine;
		};
/* End XCSwiftPackageProductDependency section */
	};
	rootObject = 9738DB4C26149E2500F2F3B4 /* Project object */;
}
